// !$*UTF8*$!
{
	archiveVersion = 1;
	classes = {
	};
	objectVersion = 50;
	objects = {

/* Begin PBXBuildFile section */
		7FEBED44AD004DCBCF9BD1D3 /* libPods-UUID.a in Frameworks */ = {isa = PBXBuildFile; fileRef = D4F74E693ECE09579BF1D040 /* libPods-UUID.a */; };
		81ACA0EB221BAF7400BB5AF3 /* AppDelegate.m in Sources */ = {isa = PBXBuildFile; fileRef = 81ACA0EA221BAF7400BB5AF3 /* AppDelegate.m */; };
		81ACA0EE221BAF7400BB5AF3 /* ViewController.m in Sources */ = {isa = PBXBuildFile; fileRef = 81ACA0ED221BAF7400BB5AF3 /* ViewController.m */; };
		81ACA0F1221BAF7400BB5AF3 /* Main.storyboard in Resources */ = {isa = PBXBuildFile; fileRef = 81ACA0EF221BAF7400BB5AF3 /* Main.storyboard */; };
		81ACA0F3221BAF7500BB5AF3 /* Assets.xcassets in Resources */ = {isa = PBXBuildFile; fileRef = 81ACA0F2221BAF7500BB5AF3 /* Assets.xcassets */; };
		81ACA0F6221BAF7500BB5AF3 /* LaunchScreen.storyboard in Resources */ = {isa = PBXBuildFile; fileRef = 81ACA0F4221BAF7500BB5AF3 /* LaunchScreen.storyboard */; };
		81ACA0F9221BAF7500BB5AF3 /* main.m in Sources */ = {isa = PBXBuildFile; fileRef = 81ACA0F8221BAF7500BB5AF3 /* main.m */; };
		81ACA104221BCA5500BB5AF3 /* OpenUDID.m in Sources */ = {isa = PBXBuildFile; fileRef = 81ACA102221BCA5400BB5AF3 /* OpenUDID.m */; settings = {COMPILER_FLAGS = "-fno-objc-arc"; }; };
		81ACA10D221BCBEA00BB5AF3 /* Podfile in Resources */ = {isa = PBXBuildFile; fileRef = 81ACA10C221BCBEA00BB5AF3 /* Podfile */; };
		81ACA110221BE4C200BB5AF3 /* Security.framework in Frameworks */ = {isa = PBXBuildFile; fileRef = 81ACA10F221BE4C200BB5AF3 /* Security.framework */; };
/* End PBXBuildFile section */

/* Begin PBXFileReference section */
		7D0A7972A88974915CD51127 /* Pods-UUID.release.xcconfig */ = {isa = PBXFileReference; includeInIndex = 1; lastKnownFileType = text.xcconfig; name = "Pods-UUID.release.xcconfig"; path = "Target Support Files/Pods-UUID/Pods-UUID.release.xcconfig"; sourceTree = "<group>"; };
		81ACA0E6221BAF7400BB5AF3 /* UUID02.app */ = {isa = PBXFileReference; explicitFileType = wrapper.application; includeInIndex = 0; path = UUID02.app; sourceTree = BUILT_PRODUCTS_DIR; };
		81ACA0E9221BAF7400BB5AF3 /* AppDelegate.h */ = {isa = PBXFileReference; lastKnownFileType = sourcecode.c.h; path = AppDelegate.h; sourceTree = "<group>"; };
		81ACA0EA221BAF7400BB5AF3 /* AppDelegate.m */ = {isa = PBXFileReference; lastKnownFileType = sourcecode.c.objc; path = AppDelegate.m; sourceTree = "<group>"; };
		81ACA0EC221BAF7400BB5AF3 /* ViewController.h */ = {isa = PBXFileReference; lastKnownFileType = sourcecode.c.h; path = ViewController.h; sourceTree = "<group>"; };
		81ACA0ED221BAF7400BB5AF3 /* ViewController.m */ = {isa = PBXFileReference; lastKnownFileType = sourcecode.c.objc; path = ViewController.m; sourceTree = "<group>"; };
		81ACA0F0221BAF7400BB5AF3 /* Base */ = {isa = PBXFileReference; lastKnownFileType = file.storyboard; name = Base; path = Base.lproj/Main.storyboard; sourceTree = "<group>"; };
		81ACA0F2221BAF7500BB5AF3 /* Assets.xcassets */ = {isa = PBXFileReference; lastKnownFileType = folder.assetcatalog; path = Assets.xcassets; sourceTree = "<group>"; };
		81ACA0F5221BAF7500BB5AF3 /* Base */ = {isa = PBXFileReference; lastKnownFileType = file.storyboard; name = Base; path = Base.lproj/LaunchScreen.storyboard; sourceTree = "<group>"; };
		81ACA0F7221BAF7500BB5AF3 /* Info.plist */ = {isa = PBXFileReference; lastKnownFileType = text.plist.xml; path = Info.plist; sourceTree = "<group>"; };
		81ACA0F8221BAF7500BB5AF3 /* main.m */ = {isa = PBXFileReference; lastKnownFileType = sourcecode.c.objc; path = main.m; sourceTree = "<group>"; };
		81ACA102221BCA5400BB5AF3 /* OpenUDID.m */ = {isa = PBXFileReference; fileEncoding = 4; lastKnownFileType = sourcecode.c.objc; path = OpenUDID.m; sourceTree = "<group>"; };
		81ACA103221BCA5400BB5AF3 /* OpenUDID.h */ = {isa = PBXFileReference; fileEncoding = 4; lastKnownFileType = sourcecode.c.h; path = OpenUDID.h; sourceTree = "<group>"; };
		81ACA10C221BCBEA00BB5AF3 /* Podfile */ = {isa = PBXFileReference; fileEncoding = 4; lastKnownFileType = text; path = Podfile; sourceTree = SOURCE_ROOT; xcLanguageSpecificationIdentifier = xcode.lang.ruby; };
		81ACA10E221BD85900BB5AF3 /* UUID.entitlements */ = {isa = PBXFileReference; lastKnownFileType = text.plist.entitlements; path = UUID.entitlements; sourceTree = "<group>"; };
		81ACA10F221BE4C200BB5AF3 /* Security.framework */ = {isa = PBXFileReference; lastKnownFileType = wrapper.framework; name = Security.framework; path = System/Library/Frameworks/Security.framework; sourceTree = SDKROOT; };
		9ACFA9B9083CFFFACF3D1F29 /* Pods-UUID.debug.xcconfig */ = {isa = PBXFileReference; includeInIndex = 1; lastKnownFileType = text.xcconfig; name = "Pods-UUID.debug.xcconfig"; path = "Target Support Files/Pods-UUID/Pods-UUID.debug.xcconfig"; sourceTree = "<group>"; };
		D4F74E693ECE09579BF1D040 /* libPods-UUID.a */ = {isa = PBXFileReference; explicitFileType = archive.ar; includeInIndex = 0; path = "libPods-UUID.a"; sourceTree = BUILT_PRODUCTS_DIR; };
/* End PBXFileReference section */

/* Begin PBXFrameworksBuildPhase section */
		81ACA0E3221BAF7400BB5AF3 /* Frameworks */ = {
			isa = PBXFrameworksBuildPhase;
			buildActionMask = 2147483647;
			files = (
				81ACA110221BE4C200BB5AF3 /* Security.framework in Frameworks */,
				7FEBED44AD004DCBCF9BD1D3 /* libPods-UUID.a in Frameworks */,
			);
			runOnlyForDeploymentPostprocessing = 0;
		};
/* End PBXFrameworksBuildPhase section */

/* Begin PBXGroup section */
		606930D418A22019F7FA962C /* Pods */ = {
			isa = PBXGroup;
			children = (
				9ACFA9B9083CFFFACF3D1F29 /* Pods-UUID.debug.xcconfig */,
				7D0A7972A88974915CD51127 /* Pods-UUID.release.xcconfig */,
			);
			path = Pods;
			sourceTree = "<group>";
		};
		81ACA0DD221BAF7400BB5AF3 = {
			isa = PBXGroup;
			children = (
				81ACA0E8221BAF7400BB5AF3 /* UUID */,
				81ACA0E7221BAF7400BB5AF3 /* Products */,
				606930D418A22019F7FA962C /* Pods */,
				D79EFEE52FA28EAC9C3B2825 /* Frameworks */,
			);
			sourceTree = "<group>";
		};
		81ACA0E7221BAF7400BB5AF3 /* Products */ = {
			isa = PBXGroup;
			children = (
				81ACA0E6221BAF7400BB5AF3 /* UUID02.app */,
			);
			name = Products;
			sourceTree = "<group>";
		};
		81ACA0E8221BAF7400BB5AF3 /* UUID */ = {
			isa = PBXGroup;
			children = (
				81ACA10E221BD85900BB5AF3 /* UUID.entitlements */,
				81ACA10C221BCBEA00BB5AF3 /* Podfile */,
				81ACA103221BCA5400BB5AF3 /* OpenUDID.h */,
				81ACA102221BCA5400BB5AF3 /* OpenUDID.m */,
				81ACA0E9221BAF7400BB5AF3 /* AppDelegate.h */,
				81ACA0EA221BAF7400BB5AF3 /* AppDelegate.m */,
				81ACA0EC221BAF7400BB5AF3 /* ViewController.h */,
				81ACA0ED221BAF7400BB5AF3 /* ViewController.m */,
				81ACA0EF221BAF7400BB5AF3 /* Main.storyboard */,
				81ACA0F2221BAF7500BB5AF3 /* Assets.xcassets */,
				81ACA0F4221BAF7500BB5AF3 /* LaunchScreen.storyboard */,
				81ACA0F7221BAF7500BB5AF3 /* Info.plist */,
				81ACA0F8221BAF7500BB5AF3 /* main.m */,
			);
			path = UUID;
			sourceTree = "<group>";
		};
		D79EFEE52FA28EAC9C3B2825 /* Frameworks */ = {
			isa = PBXGroup;
			children = (
				81ACA10F221BE4C200BB5AF3 /* Security.framework */,
				D4F74E693ECE09579BF1D040 /* libPods-UUID.a */,
			);
			name = Frameworks;
			sourceTree = "<group>";
		};
/* End PBXGroup section */

/* Begin PBXNativeTarget section */
		81ACA0E5221BAF7400BB5AF3 /* UUID */ = {
			isa = PBXNativeTarget;
			buildConfigurationList = 81ACA0FC221BAF7500BB5AF3 /* Build configuration list for PBXNativeTarget "UUID" */;
			buildPhases = (
				267DBD7DCE7C8700A41A1DCD /* [CP] Check Pods Manifest.lock */,
				81ACA0E2221BAF7400BB5AF3 /* Sources */,
				81ACA0E3221BAF7400BB5AF3 /* Frameworks */,
				81ACA0E4221BAF7400BB5AF3 /* Resources */,
			);
			buildRules = (
			);
			dependencies = (
			);
			name = UUID;
			productName = UUID;
			productReference = 81ACA0E6221BAF7400BB5AF3 /* UUID02.app */;
			productType = "com.apple.product-type.application";
		};
/* End PBXNativeTarget section */

/* Begin PBXProject section */
		81ACA0DE221BAF7400BB5AF3 /* Project object */ = {
			isa = PBXProject;
			attributes = {
				LastUpgradeCheck = 1010;
				ORGANIZATIONNAME = chenxiaosong;
				TargetAttributes = {
					81ACA0E5221BAF7400BB5AF3 = {
						CreatedOnToolsVersion = 10.1;
						SystemCapabilities = {
							com.apple.ApplicationGroups.iOS = {
								enabled = 1;
							};
							com.apple.Keychain = {
								enabled = 1;
							};
						};
					};
				};
			};
			buildConfigurationList = 81ACA0E1221BAF7400BB5AF3 /* Build configuration list for PBXProject "UUID" */;
			compatibilityVersion = "Xcode 9.3";
			developmentRegion = en;
			hasScannedForEncodings = 0;
			knownRegions = (
				en,
				Base,
			);
			mainGroup = 81ACA0DD221BAF7400BB5AF3;
			productRefGroup = 81ACA0E7221BAF7400BB5AF3 /* Products */;
			projectDirPath = "";
			projectRoot = "";
			targets = (
				81ACA0E5221BAF7400BB5AF3 /* UUID */,
			);
		};
/* End PBXProject section */

/* Begin PBXResourcesBuildPhase section */
		81ACA0E4221BAF7400BB5AF3 /* Resources */ = {
			isa = PBXResourcesBuildPhase;
			buildActionMask = 2147483647;
			files = (
				81ACA0F6221BAF7500BB5AF3 /* LaunchScreen.storyboard in Resources */,
				81ACA0F3221BAF7500BB5AF3 /* Assets.xcassets in Resources */,
				81ACA10D221BCBEA00BB5AF3 /* Podfile in Resources */,
				81ACA0F1221BAF7400BB5AF3 /* Main.storyboard in Resources */,
			);
			runOnlyForDeploymentPostprocessing = 0;
		};
/* End PBXResourcesBuildPhase section */

/* Begin PBXShellScriptBuildPhase section */
		267DBD7DCE7C8700A41A1DCD /* [CP] Check Pods Manifest.lock */ = {
			isa = PBXShellScriptBuildPhase;
			buildActionMask = 2147483647;
			files = (
			);
			inputFileListPaths = (
			);
			inputPaths = (
				"${PODS_PODFILE_DIR_PATH}/Podfile.lock",
				"${PODS_ROOT}/Manifest.lock",
			);
			name = "[CP] Check Pods Manifest.lock";
			outputFileListPaths = (
			);
			outputPaths = (
				"$(DERIVED_FILE_DIR)/Pods-UUID-checkManifestLockResult.txt",
			);
			runOnlyForDeploymentPostprocessing = 0;
			shellPath = /bin/sh;
			shellScript = "diff \"${PODS_PODFILE_DIR_PATH}/Podfile.lock\" \"${PODS_ROOT}/Manifest.lock\" > /dev/null\nif [ $? != 0 ] ; then\n    # print error to STDERR\n    echo \"error: The sandbox is not in sync with the Podfile.lock. Run 'pod install' or update your CocoaPods installation.\" >&2\n    exit 1\nfi\n# This output is used by Xcode 'outputs' to avoid re-running this script phase.\necho \"SUCCESS\" > \"${SCRIPT_OUTPUT_FILE_0}\"\n";
			showEnvVarsInLog = 0;
		};
/* End PBXShellScriptBuildPhase section */

/* Begin PBXSourcesBuildPhase section */
		81ACA0E2221BAF7400BB5AF3 /* Sources */ = {
			isa = PBXSourcesBuildPhase;
			buildActionMask = 2147483647;
			files = (
				81ACA0EE221BAF7400BB5AF3 /* ViewController.m in Sources */,
				81ACA104221BCA5500BB5AF3 /* OpenUDID.m in Sources */,
				81ACA0F9221BAF7500BB5AF3 /* main.m in Sources */,
				81ACA0EB221BAF7400BB5AF3 /* AppDelegate.m in Sources */,
			);
			runOnlyForDeploymentPostprocessing = 0;
		};
/* End PBXSourcesBuildPhase section */

/* Begin PBXVariantGroup section */
		81ACA0EF221BAF7400BB5AF3 /* Main.storyboard */ = {
			isa = PBXVariantGroup;
			children = (
				81ACA0F0221BAF7400BB5AF3 /* Base */,
			);
			name = Main.storyboard;
			sourceTree = "<group>";
		};
		81ACA0F4221BAF7500BB5AF3 /* LaunchScreen.storyboard */ = {
			isa = PBXVariantGroup;
			children = (
				81ACA0F5221BAF7500BB5AF3 /* Base */,
			);
			name = LaunchScreen.storyboard;
			sourceTree = "<group>";
		};
/* End PBXVariantGroup section */

/* Begin XCBuildConfiguration section */
		81ACA0FA221BAF7500BB5AF3 /* Debug */ = {
			isa = XCBuildConfiguration;
			buildSettings = {
				ALWAYS_SEARCH_USER_PATHS = NO;
				CLANG_ANALYZER_NONNULL = YES;
				CLANG_ANALYZER_NUMBER_OBJECT_CONVERSION = YES_AGGRESSIVE;
				CLANG_CXX_LANGUAGE_STANDARD = "gnu++14";
				CLANG_CXX_LIBRARY = "libc++";
				CLANG_ENABLE_MODULES = YES;
				CLANG_ENABLE_OBJC_ARC = YES;
				CLANG_ENABLE_OBJC_WEAK = YES;
				CLANG_WARN_BLOCK_CAPTURE_AUTORELEASING = YES;
				CLANG_WARN_BOOL_CONVERSION = YES;
				CLANG_WARN_COMMA = YES;
				CLANG_WARN_CONSTANT_CONVERSION = YES;
				CLANG_WARN_DEPRECATED_OBJC_IMPLEMENTATIONS = YES;
				CLANG_WARN_DIRECT_OBJC_ISA_USAGE = YES_ERROR;
				CLANG_WARN_DOCUMENTATION_COMMENTS = YES;
				CLANG_WARN_EMPTY_BODY = YES;
				CLANG_WARN_ENUM_CONVERSION = YES;
				CLANG_WARN_INFINITE_RECURSION = YES;
				CLANG_WARN_INT_CONVERSION = YES;
				CLANG_WARN_NON_LITERAL_NULL_CONVERSION = YES;
				CLANG_WARN_OBJC_IMPLICIT_RETAIN_SELF = YES;
				CLANG_WARN_OBJC_LITERAL_CONVERSION = YES;
				CLANG_WARN_OBJC_ROOT_CLASS = YES_ERROR;
				CLANG_WARN_RANGE_LOOP_ANALYSIS = YES;
				CLANG_WARN_STRICT_PROTOTYPES = YES;
				CLANG_WARN_SUSPICIOUS_MOVE = YES;
				CLANG_WARN_UNGUARDED_AVAILABILITY = YES_AGGRESSIVE;
				CLANG_WARN_UNREACHABLE_CODE = YES;
				CLANG_WARN__DUPLICATE_METHOD_MATCH = YES;
				CODE_SIGN_IDENTITY = "iPhone Developer";
				COPY_PHASE_STRIP = NO;
				DEBUG_INFORMATION_FORMAT = dwarf;
				ENABLE_STRICT_OBJC_MSGSEND = YES;
				ENABLE_TESTABILITY = YES;
				GCC_C_LANGUAGE_STANDARD = gnu11;
				GCC_DYNAMIC_NO_PIC = NO;
				GCC_NO_COMMON_BLOCKS = YES;
				GCC_OPTIMIZATION_LEVEL = 0;
				GCC_PREPROCESSOR_DEFINITIONS = (
					"DEBUG=1",
					"$(inherited)",
				);
				GCC_WARN_64_TO_32_BIT_CONVERSION = YES;
				GCC_WARN_ABOUT_RETURN_TYPE = YES_ERROR;
				GCC_WARN_UNDECLARED_SELECTOR = YES;
				GCC_WARN_UNINITIALIZED_AUTOS = YES_AGGRESSIVE;
				GCC_WARN_UNUSED_FUNCTION = YES;
				GCC_WARN_UNUSED_VARIABLE = YES;
				IPHONEOS_DEPLOYMENT_TARGET = 9.0;
				MTL_ENABLE_DEBUG_INFO = INCLUDE_SOURCE;
				MTL_FAST_MATH = YES;
				ONLY_ACTIVE_ARCH = YES;
				SDKROOT = iphoneos;
			};
			name = Debug;
		};
		81ACA0FB221BAF7500BB5AF3 /* Release */ = {
			isa = XCBuildConfiguration;
			buildSettings = {
				ALWAYS_SEARCH_USER_PATHS = NO;
				CLANG_ANALYZER_NONNULL = YES;
				CLANG_ANALYZER_NUMBER_OBJECT_CONVERSION = YES_AGGRESSIVE;
				CLANG_CXX_LANGUAGE_STANDARD = "gnu++14";
				CLANG_CXX_LIBRARY = "libc++";
				CLANG_ENABLE_MODULES = YES;
				CLANG_ENABLE_OBJC_ARC = YES;
				CLANG_ENABLE_OBJC_WEAK = YES;
				CLANG_WARN_BLOCK_CAPTURE_AUTORELEASING = YES;
				CLANG_WARN_BOOL_CONVERSION = YES;
				CLANG_WARN_COMMA = YES;
				CLANG_WARN_CONSTANT_CONVERSION = YES;
				CLANG_WARN_DEPRECATED_OBJC_IMPLEMENTATIONS = YES;
				CLANG_WARN_DIRECT_OBJC_ISA_USAGE = YES_ERROR;
				CLANG_WARN_DOCUMENTATION_COMMENTS = YES;
				CLANG_WARN_EMPTY_BODY = YES;
				CLANG_WARN_ENUM_CONVERSION = YES;
				CLANG_WARN_INFINITE_RECURSION = YES;
				CLANG_WARN_INT_CONVERSION = YES;
				CLANG_WARN_NON_LITERAL_NULL_CONVERSION = YES;
				CLANG_WARN_OBJC_IMPLICIT_RETAIN_SELF = YES;
				CLANG_WARN_OBJC_LITERAL_CONVERSION = YES;
				CLANG_WARN_OBJC_ROOT_CLASS = YES_ERROR;
				CLANG_WARN_RANGE_LOOP_ANALYSIS = YES;
				CLANG_WARN_STRICT_PROTOTYPES = YES;
				CLANG_WARN_SUSPICIOUS_MOVE = YES;
				CLANG_WARN_UNGUARDED_AVAILABILITY = YES_AGGRESSIVE;
				CLANG_WARN_UNREACHABLE_CODE = YES;
				CLANG_WARN__DUPLICATE_METHOD_MATCH = YES;
				CODE_SIGN_IDENTITY = "iPhone Developer";
				COPY_PHASE_STRIP = NO;
				DEBUG_INFORMATION_FORMAT = "dwarf-with-dsym";
				ENABLE_NS_ASSERTIONS = NO;
				ENABLE_STRICT_OBJC_MSGSEND = YES;
				GCC_C_LANGUAGE_STANDARD = gnu11;
				GCC_NO_COMMON_BLOCKS = YES;
				GCC_WARN_64_TO_32_BIT_CONVERSION = YES;
				GCC_WARN_ABOUT_RETURN_TYPE = YES_ERROR;
				GCC_WARN_UNDECLARED_SELECTOR = YES;
				GCC_WARN_UNINITIALIZED_AUTOS = YES_AGGRESSIVE;
				GCC_WARN_UNUSED_FUNCTION = YES;
				GCC_WARN_UNUSED_VARIABLE = YES;
				IPHONEOS_DEPLOYMENT_TARGET = 9.0;
				MTL_ENABLE_DEBUG_INFO = NO;
				MTL_FAST_MATH = YES;
				SDKROOT = iphoneos;
				VALIDATE_PRODUCT = YES;
			};
			name = Release;
		};
		81ACA0FD221BAF7500BB5AF3 /* Debug */ = {
			isa = XCBuildConfiguration;
			baseConfigurationReference = 9ACFA9B9083CFFFACF3D1F29 /* Pods-UUID.debug.xcconfig */;
			buildSettings = {
				ASSETCATALOG_COMPILER_APPICON_NAME = AppIcon;
				CODE_SIGN_ENTITLEMENTS = UUID/UUID.entitlements;
				CODE_SIGN_STYLE = Automatic;
				DEVELOPMENT_TEAM = TT6F2DSJWV;
				INFOPLIST_FILE = UUID/Info.plist;
				LD_RUNPATH_SEARCH_PATHS = (
					"$(inherited)",
					"@executable_path/Frameworks",
				);
				PRODUCT_BUNDLE_IDENTIFIER = com.zhitian02.UUID02;
				PRODUCT_NAME = UUID02;
				TARGETED_DEVICE_FAMILY = "1,2";
			};
			name = Debug;
		};
		81ACA0FE221BAF7500BB5AF3 /* Release */ = {
			isa = XCBuildConfiguration;
			baseConfigurationReference = 7D0A7972A88974915CD51127 /* Pods-UUID.release.xcconfig */;
			buildSettings = {
				ASSETCATALOG_COMPILER_APPICON_NAME = AppIcon;
				CODE_SIGN_ENTITLEMENTS = UUID/UUID.entitlements;
				CODE_SIGN_STYLE = Automatic;
				DEVELOPMENT_TEAM = TT6F2DSJWV;
				INFOPLIST_FILE = UUID/Info.plist;
				LD_RUNPATH_SEARCH_PATHS = (
					"$(inherited)",
					"@executable_path/Frameworks",
				);
				PRODUCT_BUNDLE_IDENTIFIER = com.zhitian02.UUID02;
				PRODUCT_NAME = UUID02;
				TARGETED_DEVICE_FAMILY = "1,2";
			};
			name = Release;
		};
/* End XCBuildConfiguration section */

/* Begin XCConfigurationList section */
		81ACA0E1221BAF7400BB5AF3 /* Build configuration list for PBXProject "UUID" */ = {
			isa = XCConfigurationList;
			buildConfigurations = (
				81ACA0FA221BAF7500BB5AF3 /* Debug */,
				81ACA0FB221BAF7500BB5AF3 /* Release */,
			);
			defaultConfigurationIsVisible = 0;
			defaultConfigurationName = Release;
		};
		81ACA0FC221BAF7500BB5AF3 /* Build configuration list for PBXNativeTarget "UUID" */ = {
			isa = XCConfigurationList;
			buildConfigurations = (
				81ACA0FD221BAF7500BB5AF3 /* Debug */,
				81ACA0FE221BAF7500BB5AF3 /* Release */,
			);
			defaultConfigurationIsVisible = 0;
			defaultConfigurationName = Release;
		};
/* End XCConfigurationList section */
	};
	rootObject = 81ACA0DE221BAF7400BB5AF3 /* Project object */;
}
